
Microsoft Visual Studio Solution File, Format Version 12.00
# Visual Studio 2013
VisualStudioVersion = 12.0.31101.0
MinimumVisualStudioVersion = 10.0.40219.1
Project("{FAE04EC0-301F-11D3-BF4B-00C04F79EFBC}") = "DuggaNumreric.Test", "DuggaNumreric.Test\DuggaNumreric.Test.csproj", "{FE4E484B-19F1-48EE-B39C-225D1A63DAC4}"
EndProject
Project("{FAE04EC0-301F-11D3-BF4B-00C04F79EFBC}") = "DuggaNumrericCLib", "DuggaNumrericCLib\DuggaNumrericCLib.csproj", "{84B35735-A7BD-4C73-9060-2960635A0CA1}"
EndProject
Global
	GlobalSection(SolutionConfigurationPlatforms) = preSolution
		Debug|Any CPU = Debug|Any CPU
		Release|Any CPU = Release|Any CPU
	EndGlobalSection
	GlobalSection(ProjectConfigurationPlatforms) = postSolution
		{FE4E484B-19F1-48EE-B39C-225D1A63DAC4}.Debug|Any CPU.ActiveCfg = Debug|Any CPU
		{FE4E484B-19F1-48EE-B39C-225D1A63DAC4}.Debug|Any CPU.Build.0 = Debug|Any CPU
		{FE4E484B-19F1-48EE-B39C-225D1A63DAC4}.Release|Any CPU.ActiveCfg = Release|Any CPU
		{FE4E484B-19F1-48EE-B39C-225D1A63DAC4}.Release|Any CPU.Build.0 = Release|Any CPU
		{84B35735-A7BD-4C73-9060-2960635A0CA1}.Debug|Any CPU.ActiveCfg = Debug|Any CPU
		{84B35735-A7BD-4C73-9060-2960635A0CA1}.Debug|Any CPU.Build.0 = Debug|Any CPU
		{84B35735-A7BD-4C73-9060-2960635A0CA1}.Release|Any CPU.ActiveCfg = Release|Any CPU
		{84B35735-A7BD-4C73-9060-2960635A0CA1}.Release|Any CPU.Build.0 = Release|Any CPU
	EndGlobalSection
	GlobalSection(SolutionProperties) = preSolution
		HideSolutionNode = FALSE
	EndGlobalSection
EndGlobal
